gitee.com/liumou_site/gbm v1.0.2 h1:7ixJMooL+5+WkUo2pgc/w2ZuzT1LF84RxxYHuU9ZspI=
gitee.com/liumou_site/gbm v1.0.2/go.mod h1:3f8gY576l8DAmYpoDAnL4fWLtD+ExjJJWVLHtjmTWKo=
gitee.com/liumou_site/gns v1.2.8 h1:aDp1HkMY9Ydag6oYtH8o2UxIeDL3MMVViOuzmrsY20Y=
gitee.com/liumou_site/gns v1.2.8/go.mod h1:x3Qo3y+n3hU8W3kuD1mk1+y6WMlU1xvP81FXj2RRpv8=
gitee.com/liumou_site/logger v1.2.0 h1:9rVmjGeCqK3YZFRElDVTEyfrZpLciGe/9lA4P47YMRM=
gitee.com/liumou_site/logger v1.2.0/go.mod h1:a/TU4/gqwD1XZ4wXu0CI15ASxHrVeBaxsQZ9rz3RrRs=
github.com/frankban/quicktest v1.14.3 h1:FJKSZTDHjyhriyC81FLQ0LY93eSai0ZyR/ZIkd3ZUKE=
github.com/google/go-cmp v0.5.7 h1:81/ik6ipDQS2aGcBfIN5dHDB36BwrStyeAQquSYCV4o=
github.com/kr/pretty v0.3.0 h1:WgNl7dwNpEZ6jJ9k1snq4pZsg7DOEN8hP9Xw0Tsjwk0=
github.com/kr/text v0.2.0 h1:5Nx0Ya0ZqY2ygV366QzturHI13Jq95ApcVaJBhpS+AY=
github.com/rogpeppe/go-internal v1.6.1 h1:/FiVV8dS/e+YqF2JvO3yXRFbBLTIuSDkuC7aBOAvL+k=
github.com/spf13/cast v1.5.0 h1:rj3WzYc11XZaIZMPKmwP96zkFEnnAmV8s6XbB2aY32w=
github.com/spf13/cast v1.5.0/go.mod h1:SpXXQ5YoyJw6s3/6cMTQuxvgRl3PCJiyaX9p6b155UU=
golang.org/x/net v0.5.0 h1:GyT4nK/YDHSqa1c4753ouYCDajOYKTja9Xb/OHtgvSw=
golang.org/x/net v0.5.0/go.mod h1:DivGGAXEgPSlEBzxGzZI+ZLohi+xUj054jfeKui00ws=
golang.org/x/sys v0.4.0 h1:Zr2JFtRQNX3BCZ8YtxRE9hNJYC8J6I1MVbMg6owUp18=
golang.org/x/sys v0.4.0/go.mod h1:oPkhp1MJrh7nUepCBck5+mAzfO9JrbApNNgaTdGDITg=
golang.org/x/xerrors v0.0.0-20200804184101-5ec99f83aff1 h1:go1bK/D/BFZV2I8cIQd1NKEZ+0owSTG1fDTci4IqFcE=
